
Microsoft Visual Studio Solution File, Format Version 12.00
# Visual Studio 2013
VisualStudioVersion = 12.0.21005.1
MinimumVisualStudioVersion = 10.0.40219.1
Project("{FAE04EC0-301F-11D3-BF4B-00C04F79EFBC}") = "day23", "day23\day23.csproj", "{349FD054-9C85-4416-969E-4BDF723EFCC3}"
EndProject
Global
	GlobalSection(SolutionConfigurationPlatforms) = preSolution
		Debug|Any CPU = Debug|Any CPU
		Release|Any CPU = Release|Any CPU
	EndGlobalSection
	GlobalSection(ProjectConfigurationPlatforms) = postSolution
		{349FD054-9C85-4416-969E-4BDF723EFCC3}.Debug|Any CPU.ActiveCfg = Debug|Any CPU
		{349FD054-9C85-4416-969E-4BDF723EFCC3}.Debug|Any CPU.Build.0 = Debug|Any CPU
		{349FD054-9C85-4416-969E-4BDF723EFCC3}.Release|Any CPU.ActiveCfg = Release|Any CPU
		{349FD054-9C85-4416-969E-4BDF723EFCC3}.Release|Any CPU.Build.0 = Release|Any CPU
	EndGlobalSection
	GlobalSection(SolutionProperties) = preSolution
		HideSolutionNode = FALSE
	EndGlobalSection
EndGlobal
